
Microsoft Visual Studio Solution File, Format Version 12.00
# Visual Studio Version 16
VisualStudioVersion = 16.0.29025.244
MinimumVisualStudioVersion = 10.0.40219.1
Project("{2150E333-8FDC-42A3-9474-1A3956D46DE8}") = "Misc", "Misc", "{EBB7539D-9E97-4BD2-BAB1-03C0D467B379}"
	ProjectSection(SolutionItems) = preProject
		LICENSE = LICENSE
		README.md = README.md
	EndProjectSection
EndProject
Project("{9A19103F-16F7-4668-BE54-9A1E7A4F7556}") = "Justin.AspNetCore.LdapAuthentication", "src\Justin.AspNetCore.LdapAuthentication\Justin.AspNetCore.LdapAuthentication.csproj", "{66FAE534-B19C-421E-ABB9-6F3381B8EAFA}"
EndProject
Project("{FAE04EC0-301F-11D3-BF4B-00C04F79EFBC}") = "ExampleMvc", "src\ExampleMvc\ExampleMvc.csproj", "{A3DAF2B8-1941-41CC-A6EE-EAF50AC22592}"
EndProject
Global
	GlobalSection(SolutionConfigurationPlatforms) = preSolution
		Debug|Any CPU = Debug|Any CPU
		Release|Any CPU = Release|Any CPU
	EndGlobalSection
	GlobalSection(ProjectConfigurationPlatforms) = postSolution
		{66FAE534-B19C-421E-ABB9-6F3381B8EAFA}.Debug|Any CPU.ActiveCfg = Debug|Any CPU
		{66FAE534-B19C-421E-ABB9-6F3381B8EAFA}.Debug|Any CPU.Build.0 = Debug|Any CPU
		{66FAE534-B19C-421E-ABB9-6F3381B8EAFA}.Release|Any CPU.ActiveCfg = Release|Any CPU
		{66FAE534-B19C-421E-ABB9-6F3381B8EAFA}.Release|Any CPU.Build.0 = Release|Any CPU
		{A3DAF2B8-1941-41CC-A6EE-EAF50AC22592}.Debug|Any CPU.ActiveCfg = Debug|Any CPU
		{A3DAF2B8-1941-41CC-A6EE-EAF50AC22592}.Debug|Any CPU.Build.0 = Debug|Any CPU
		{A3DAF2B8-1941-41CC-A6EE-EAF50AC22592}.Release|Any CPU.ActiveCfg = Release|Any CPU
		{A3DAF2B8-1941-41CC-A6EE-EAF50AC22592}.Release|Any CPU.Build.0 = Release|Any CPU
	EndGlobalSection
	GlobalSection(SolutionProperties) = preSolution
		HideSolutionNode = FALSE
	EndGlobalSection
	GlobalSection(ExtensibilityGlobals) = postSolution
		SolutionGuid = {12A86A30-8A45-4AEE-978D-F99E11EDDB2D}
	EndGlobalSection
EndGlobal
